// !$*UTF8*$!
{
	archiveVersion = 1;
	classes = {
	};
	objectVersion = 55;
	objects = {

/* Begin PBXBuildFile section */
		95F19CB127B35B9400B40507 /* FlagSampleApp.swift in Sources */ = {isa = PBXBuildFile; fileRef = 95F19CB027B35B9400B40507 /* FlagSampleApp.swift */; };
		95F19CB327B35B9400B40507 /* ContentView.swift in Sources */ = {isa = PBXBuildFile; fileRef = 95F19CB227B35B9400B40507 /* ContentView.swift */; };
		95F19CB527B35B9500B40507 /* Assets.xcassets in Resources */ = {isa = PBXBuildFile; fileRef = 95F19CB427B35B9500B40507 /* Assets.xcassets */; };
		95F19CB827B35B9500B40507 /* Preview Assets.xcassets in Resources */ = {isa = PBXBuildFile; fileRef = 95F19CB727B35B9500B40507 /* Preview Assets.xcassets */; };
		95F19CBF27B35BDB00B40507 /* Nations.swift in Sources */ = {isa = PBXBuildFile; fileRef = 95F19CBE27B35BDB00B40507 /* Nations.swift */; };
		95F19CC127B35E9400B40507 /* countryView.swift in Sources */ = {isa = PBXBuildFile; fileRef = 95F19CC027B35E9400B40507 /* countryView.swift */; };
		95F19CC327B3850E00B40507 /* UIColor+adjust.swift in Sources */ = {isa = PBXBuildFile; fileRef = 95F19CC227B3850E00B40507 /* UIColor+adjust.swift */; };
		95F19CC527B3874700B40507 /* CountryDetailView.swift in Sources */ = {isa = PBXBuildFile; fileRef = 95F19CC427B3874700B40507 /* CountryDetailView.swift */; };
/* End PBXBuildFile section */

/* Begin PBXFileReference section */
		95F19CAD27B35B9400B40507 /* FlagSample.app */ = {isa = PBXFileReference; explicitFileType = wrapper.application; includeInIndex = 0; path = FlagSample.app; sourceTree = BUILT_PRODUCTS_DIR; };
		95F19CB027B35B9400B40507 /* FlagSampleApp.swift */ = {isa = PBXFileReference; lastKnownFileType = sourcecode.swift; path = FlagSampleApp.swift; sourceTree = "<group>"; };
		95F19CB227B35B9400B40507 /* ContentView.swift */ = {isa = PBXFileReference; lastKnownFileType = sourcecode.swift; path = ContentView.swift; sourceTree = "<group>"; };
		95F19CB427B35B9500B40507 /* Assets.xcassets */ = {isa = PBXFileReference; lastKnownFileType = folder.assetcatalog; path = Assets.xcassets; sourceTree = "<group>"; };
		95F19CB727B35B9500B40507 /* Preview Assets.xcassets */ = {isa = PBXFileReference; lastKnownFileType = folder.assetcatalog; path = "Preview Assets.xcassets"; sourceTree = "<group>"; };
		95F19CBE27B35BDB00B40507 /* Nations.swift */ = {isa = PBXFileReference; fileEncoding = 4; lastKnownFileType = sourcecode.swift; path = Nations.swift; sourceTree = "<group>"; };
		95F19CC027B35E9400B40507 /* countryView.swift */ = {isa = PBXFileReference; lastKnownFileType = sourcecode.swift; path = countryView.swift; sourceTree = "<group>"; };
		95F19CC227B3850E00B40507 /* UIColor+adjust.swift */ = {isa = PBXFileReference; lastKnownFileType = sourcecode.swift; path = "UIColor+adjust.swift"; sourceTree = "<group>"; };
		95F19CC427B3874700B40507 /* CountryDetailView.swift */ = {isa = PBXFileReference; lastKnownFileType = sourcecode.swift; path = CountryDetailView.swift; sourceTree = "<group>"; };
/* End PBXFileReference section */

/* Begin PBXFrameworksBuildPhase section */
		95F19CAA27B35B9400B40507 /* Frameworks */ = {
			isa = PBXFrameworksBuildPhase;
			buildActionMask = 2147483647;
			files = (
			);
			runOnlyForDeploymentPostprocessing = 0;
		};
/* End PBXFrameworksBuildPhase section */

/* Begin PBXGroup section */
		95F19CA427B35B9400B40507 = {
			isa = PBXGroup;
			children = (
				95F19CAF27B35B9400B40507 /* FlagSample */,
				95F19CAE27B35B9400B40507 /* Products */,
			);
			sourceTree = "<group>";
		};
		95F19CAE27B35B9400B40507 /* Products */ = {
			isa = PBXGroup;
			children = (
				95F19CAD27B35B9400B40507 /* FlagSample.app */,
			);
			name = Products;
			sourceTree = "<group>";
		};
		95F19CAF27B35B9400B40507 /* FlagSample */ = {
			isa = PBXGroup;
			children = (
				95F19CB027B35B9400B40507 /* FlagSampleApp.swift */,
				95F19CBE27B35BDB00B40507 /* Nations.swift */,
				95F19CB227B35B9400B40507 /* ContentView.swift */,
				95F19CC027B35E9400B40507 /* countryView.swift */,
				95F19CB427B35B9500B40507 /* Assets.xcassets */,
				95F19CB627B35B9500B40507 /* Preview Content */,
				95F19CC227B3850E00B40507 /* UIColor+adjust.swift */,
				95F19CC427B3874700B40507 /* CountryDetailView.swift */,
			);
			path = FlagSample;
			sourceTree = "<group>";
		};
		95F19CB627B35B9500B40507 /* Preview Content */ = {
			isa = PBXGroup;
			children = (
				95F19CB727B35B9500B40507 /* Preview Assets.xcassets */,
			);
			path = "Preview Content";
			sourceTree = "<group>";
		};
/* End PBXGroup section */

/* Begin PBXNativeTarget section */
		95F19CAC27B35B9400B40507 /* FlagSample */ = {
			isa = PBXNativeTarget;
			buildConfigurationList = 95F19CBB27B35B9500B40507 /* Build configuration list for PBXNativeTarget "FlagSample" */;
			buildPhases = (
				95F19CA927B35B9400B40507 /* Sources */,
				95F19CAA27B35B9400B40507 /* Frameworks */,
				95F19CAB27B35B9400B40507 /* Resources */,
			);
			buildRules = (
			);
			dependencies = (
			);
			name = FlagSample;
			productName = FlagSample;
			productReference = 95F19CAD27B35B9400B40507 /* FlagSample.app */;
			productType = "com.apple.product-type.application";
		};
/* End PBXNativeTarget section */

/* Begin PBXProject section */
		95F19CA527B35B9400B40507 /* Project object */ = {
			isa = PBXProject;
			attributes = {
				BuildIndependentTargetsInParallel = 1;
				LastSwiftUpdateCheck = 1320;
				LastUpgradeCheck = 1320;
				TargetAttributes = {
					95F19CAC27B35B9400B40507 = {
						CreatedOnToolsVersion = 13.2.1;
					};
				};
			};
			buildConfigurationList = 95F19CA827B35B9400B40507 /* Build configuration list for PBXProject "FlagSample" */;
			compatibilityVersion = "Xcode 13.0";
			developmentRegion = en;
			hasScannedForEncodings = 0;
			knownRegions = (
				en,
				Base,
			);
			mainGroup = 95F19CA427B35B9400B40507;
			productRefGroup = 95F19CAE27B35B9400B40507 /* Products */;
			projectDirPath = "";
			projectRoot = "";
			targets = (
				95F19CAC27B35B9400B40507 /* FlagSample */,
			);
		};
/* End PBXProject section */

/* Begin PBXResourcesBuildPhase section */
		95F19CAB27B35B9400B40507 /* Resources */ = {
			isa = PBXResourcesBuildPhase;
			buildActionMask = 2147483647;
			files = (
				95F19CB827B35B9500B40507 /* Preview Assets.xcassets in Resources */,
				95F19CB527B35B9500B40507 /* Assets.xcassets in Resources */,
			);
			runOnlyForDeploymentPostprocessing = 0;
		};
/* End PBXResourcesBuildPhase section */

/* Begin PBXSourcesBuildPhase section */
		95F19CA927B35B9400B40507 /* Sources */ = {
			isa = PBXSourcesBuildPhase;
			buildActionMask = 2147483647;
			files = (
				95F19CC527B3874700B40507 /* CountryDetailView.swift in Sources */,
				95F19CC327B3850E00B40507 /* UIColor+adjust.swift in Sources */,
				95F19CB327B35B9400B40507 /* ContentView.swift in Sources */,
				95F19CB127B35B9400B40507 /* FlagSampleApp.swift in Sources */,
				95F19CBF27B35BDB00B40507 /* Nations.swift in Sources */,
				95F19CC127B35E9400B40507 /* countryView.swift in Sources */,
			);
			runOnlyForDeploymentPostprocessing = 0;
		};
/* End PBXSourcesBuildPhase section */

/* Begin XCBuildConfiguration section */
		95F19CB927B35B9500B40507 /* Debug */ = {
			isa = XCBuildConfiguration;
			buildSettings = {
				ALWAYS_SEARCH_USER_PATHS = NO;
				CLANG_ANALYZER_NONNULL = YES;
				CLANG_ANALYZER_NUMBER_OBJECT_CONVERSION = YES_AGGRESSIVE;
				CLANG_CXX_LANGUAGE_STANDARD = "gnu++17";
				CLANG_CXX_LIBRARY = "libc++";
				CLANG_ENABLE_MODULES = YES;
				CLANG_ENABLE_OBJC_ARC = YES;
				CLANG_ENABLE_OBJC_WEAK = YES;
				CLANG_WARN_BLOCK_CAPTURE_AUTORELEASING = YES;
				CLANG_WARN_BOOL_CONVERSION = YES;
				CLANG_WARN_COMMA = YES;
				CLANG_WARN_CONSTANT_CONVERSION = YES;
				CLANG_WARN_DEPRECATED_OBJC_IMPLEMENTATIONS = YES;
				CLANG_WARN_DIRECT_OBJC_ISA_USAGE = YES_ERROR;
				CLANG_WARN_DOCUMENTATION_COMMENTS = YES;
				CLANG_WARN_EMPTY_BODY = YES;
				CLANG_WARN_ENUM_CONVERSION = YES;
				CLANG_WARN_INFINITE_RECURSION = YES;
				CLANG_WARN_INT_CONVERSION = YES;
				CLANG_WARN_NON_LITERAL_NULL_CONVERSION = YES;
				CLANG_WARN_OBJC_IMPLICIT_RETAIN_SELF = YES;
				CLANG_WARN_OBJC_LITERAL_CONVERSION = YES;
				CLANG_WARN_OBJC_ROOT_CLASS = YES_ERROR;
				CLANG_WARN_QUOTED_INCLUDE_IN_FRAMEWORK_HEADER = YES;
				CLANG_WARN_RANGE_LOOP_ANALYSIS = YES;
				CLANG_WARN_STRICT_PROTOTYPES = YES;
				CLANG_WARN_SUSPICIOUS_MOVE = YES;
				CLANG_WARN_UNGUARDED_AVAILABILITY = YES_AGGRESSIVE;
				CLANG_WARN_UNREACHABLE_CODE = YES;
				CLANG_WARN__DUPLICATE_METHOD_MATCH = YES;
				COPY_PHASE_STRIP = NO;
				DEBUG_INFORMATION_FORMAT = dwarf;
				ENABLE_STRICT_OBJC_MSGSEND = YES;
				ENABLE_TESTABILITY = YES;
				GCC_C_LANGUAGE_STANDARD = gnu11;
				GCC_DYNAMIC_NO_PIC = NO;
				GCC_NO_COMMON_BLOCKS = YES;
				GCC_OPTIMIZATION_LEVEL = 0;
				GCC_PREPROCESSOR_DEFINITIONS = (
					"DEBUG=1",
					"$(inherited)",
				);
				GCC_WARN_64_TO_32_BIT_CONVERSION = YES;
				GCC_WARN_ABOUT_RETURN_TYPE = YES_ERROR;
				GCC_WARN_UNDECLARED_SELECTOR = YES;
				GCC_WARN_UNINITIALIZED_AUTOS = YES_AGGRESSIVE;
				GCC_WARN_UNUSED_FUNCTION = YES;
				GCC_WARN_UNUSED_VARIABLE = YES;
				IPHONEOS_DEPLOYMENT_TARGET = 15.2;
				MTL_ENABLE_DEBUG_INFO = INCLUDE_SOURCE;
				MTL_FAST_MATH = YES;
				ONLY_ACTIVE_ARCH = YES;
				SDKROOT = iphoneos;
				SWIFT_ACTIVE_COMPILATION_CONDITIONS = DEBUG;
				SWIFT_OPTIMIZATION_LEVEL = "-Onone";
			};
			name = Debug;
		};
		95F19CBA27B35B9500B40507 /* Release */ = {
			isa = XCBuildConfiguration;
			buildSettings = {
				ALWAYS_SEARCH_USER_PATHS = NO;
				CLANG_ANALYZER_NONNULL = YES;
				CLANG_ANALYZER_NUMBER_OBJECT_CONVERSION = YES_AGGRESSIVE;
				CLANG_CXX_LANGUAGE_STANDARD = "gnu++17";
				CLANG_CXX_LIBRARY = "libc++";
				CLANG_ENABLE_MODULES = YES;
				CLANG_ENABLE_OBJC_ARC = YES;
				CLANG_ENABLE_OBJC_WEAK = YES;
				CLANG_WARN_BLOCK_CAPTURE_AUTORELEASING = YES;
				CLANG_WARN_BOOL_CONVERSION = YES;
				CLANG_WARN_COMMA = YES;
				CLANG_WARN_CONSTANT_CONVERSION = YES;
				CLANG_WARN_DEPRECATED_OBJC_IMPLEMENTATIONS = YES;
				CLANG_WARN_DIRECT_OBJC_ISA_USAGE = YES_ERROR;
				CLANG_WARN_DOCUMENTATION_COMMENTS = YES;
				CLANG_WARN_EMPTY_BODY = YES;
				CLANG_WARN_ENUM_CONVERSION = YES;
				CLANG_WARN_INFINITE_RECURSION = YES;
				CLANG_WARN_INT_CONVERSION = YES;
				CLANG_WARN_NON_LITERAL_NULL_CONVERSION = YES;
				CLANG_WARN_OBJC_IMPLICIT_RETAIN_SELF = YES;
				CLANG_WARN_OBJC_LITERAL_CONVERSION = YES;
				CLANG_WARN_OBJC_ROOT_CLASS = YES_ERROR;
				CLANG_WARN_QUOTED_INCLUDE_IN_FRAMEWORK_HEADER = YES;
				CLANG_WARN_RANGE_LOOP_ANALYSIS = YES;
				CLANG_WARN_STRICT_PROTOTYPES = YES;
				CLANG_WARN_SUSPICIOUS_MOVE = YES;
				CLANG_WARN_UNGUARDED_AVAILABILITY = YES_AGGRESSIVE;
				CLANG_WARN_UNREACHABLE_CODE = YES;
				CLANG_WARN__DUPLICATE_METHOD_MATCH = YES;
				COPY_PHASE_STRIP = NO;
				DEBUG_INFORMATION_FORMAT = "dwarf-with-dsym";
				ENABLE_NS_ASSERTIONS = NO;
				ENABLE_STRICT_OBJC_MSGSEND = YES;
				GCC_C_LANGUAGE_STANDARD = gnu11;
				GCC_NO_COMMON_BLOCKS = YES;
				GCC_WARN_64_TO_32_BIT_CONVERSION = YES;
				GCC_WARN_ABOUT_RETURN_TYPE = YES_ERROR;
				GCC_WARN_UNDECLARED_SELECTOR = YES;
				GCC_WARN_UNINITIALIZED_AUTOS = YES_AGGRESSIVE;
				GCC_WARN_UNUSED_FUNCTION = YES;
				GCC_WARN_UNUSED_VARIABLE = YES;
				IPHONEOS_DEPLOYMENT_TARGET = 15.2;
				MTL_ENABLE_DEBUG_INFO = NO;
				MTL_FAST_MATH = YES;
				SDKROOT = iphoneos;
				SWIFT_COMPILATION_MODE = wholemodule;
				SWIFT_OPTIMIZATION_LEVEL = "-O";
				VALIDATE_PRODUCT = YES;
			};
			name = Release;
		};
		95F19CBC27B35B9500B40507 /* Debug */ = {
			isa = XCBuildConfiguration;
			buildSettings = {
				ASSETCATALOG_COMPILER_APPICON_NAME = AppIcon;
				ASSETCATALOG_COMPILER_GLOBAL_ACCENT_COLOR_NAME = AccentColor;
				CODE_SIGN_STYLE = Automatic;
				CURRENT_PROJECT_VERSION = 1;
				DEVELOPMENT_ASSET_PATHS = "\"FlagSample/Preview Content\"";
				ENABLE_PREVIEWS = YES;
				GENERATE_INFOPLIST_FILE = YES;
				INFOPLIST_KEY_UIApplicationSceneManifest_Generation = YES;
				INFOPLIST_KEY_UIApplicationSupportsIndirectInputEvents = YES;
				INFOPLIST_KEY_UILaunchScreen_Generation = YES;
				INFOPLIST_KEY_UISupportedInterfaceOrientations_iPad = "UIInterfaceOrientationPortrait UIInterfaceOrientationPortraitUpsideDown UIInterfaceOrientationLandscapeLeft UIInterfaceOrientationLandscapeRight";
				INFOPLIST_KEY_UISupportedInterfaceOrientations_iPhone = "UIInterfaceOrientationPortrait UIInterfaceOrientationLandscapeLeft UIInterfaceOrientationLandscapeRight";
				LD_RUNPATH_SEARCH_PATHS = (
					"$(inherited)",
					"@executable_path/Frameworks",
				);
				MARKETING_VERSION = 1.0;
				PRODUCT_BUNDLE_IDENTIFIER = kr.ac.kpu.ele.ios.hwang.FlagSample;
				PRODUCT_NAME = "$(TARGET_NAME)";
				SWIFT_EMIT_LOC_STRINGS = YES;
				SWIFT_VERSION = 5.0;
				TARGETED_DEVICE_FAMILY = "1,2";
			};
			name = Debug;
		};
		95F19CBD27B35B9500B40507 /* Release */ = {
			isa = XCBuildConfiguration;
			buildSettings = {
				ASSETCATALOG_COMPILER_APPICON_NAME = AppIcon;
				ASSETCATALOG_COMPILER_GLOBAL_ACCENT_COLOR_NAME = AccentColor;
				CODE_SIGN_STYLE = Automatic;
				CURRENT_PROJECT_VERSION = 1;
				DEVELOPMENT_ASSET_PATHS = "\"FlagSample/Preview Content\"";
				ENABLE_PREVIEWS = YES;
				GENERATE_INFOPLIST_FILE = YES;
				INFOPLIST_KEY_UIApplicationSceneManifest_Generation = YES;
				INFOPLIST_KEY_UIApplicationSupportsIndirectInputEvents = YES;
				INFOPLIST_KEY_UILaunchScreen_Generation = YES;
				INFOPLIST_KEY_UISupportedInterfaceOrientations_iPad = "UIInterfaceOrientationPortrait UIInterfaceOrientationPortraitUpsideDown UIInterfaceOrientationLandscapeLeft UIInterfaceOrientationLandscapeRight";
				INFOPLIST_KEY_UISupportedInterfaceOrientations_iPhone = "UIInterfaceOrientationPortrait UIInterfaceOrientationLandscapeLeft UIInterfaceOrientationLandscapeRight";
				LD_RUNPATH_SEARCH_PATHS = (
					"$(inherited)",
					"@executable_path/Frameworks",
				);
				MARKETING_VERSION = 1.0;
				PRODUCT_BUNDLE_IDENTIFIER = kr.ac.kpu.ele.ios.hwang.FlagSample;
				PRODUCT_NAME = "$(TARGET_NAME)";
				SWIFT_EMIT_LOC_STRINGS = YES;
				SWIFT_VERSION = 5.0;
				TARGETED_DEVICE_FAMILY = "1,2";
			};
			name = Release;
		};
/* End XCBuildConfiguration section */

/* Begin XCConfigurationList section */
		95F19CA827B35B9400B40507 /* Build configuration list for PBXProject "FlagSample" */ = {
			isa = XCConfigurationList;
			buildConfigurations = (
				95F19CB927B35B9500B40507 /* Debug */,
				95F19CBA27B35B9500B40507 /* Release */,
			);
			defaultConfigurationIsVisible = 0;
			defaultConfigurationName = Release;
		};
		95F19CBB27B35B9500B40507 /* Build configuration list for PBXNativeTarget "FlagSample" */ = {
			isa = XCConfigurationList;
			buildConfigurations = (
				95F19CBC27B35B9500B40507 /* Debug */,
				95F19CBD27B35B9500B40507 /* Release */,
			);
			defaultConfigurationIsVisible = 0;
			defaultConfigurationName = Release;
		};
/* End XCConfigurationList section */
	};
	rootObject = 95F19CA527B35B9400B40507 /* Project object */;
}
